<?xml version="1.0" encoding="utf-8"?>
<Project ToolsVersion="15.0" xmlns="http://schemas.microsoft.com/developer/msbuild/2003">
  <ItemGroup>
    <CustomBuild Include="C:\Users\Thomas\Documents\GitHub\SnakeGame\CMakeFiles\79dd5b1494648d4f0709b3d7f4ab2fbf\generate.stamp.rule">
      <Filter>CMake Rules</Filter>
    </CustomBuild>
  </ItemGroup>
  <ItemGroup>
    <Filter Include="CMake Rules">
      <UniqueIdentifier>{B3577575-7923-388F-942F-13875B37CEAE}</UniqueIdentifier>
    </Filter>
  </ItemGroup>
</Project>
